
Microsoft Visual Studio Solution File, Format Version 12.00
# Visual Studio Version 17
VisualStudioVersion = 17.5.33530.505
MinimumVisualStudioVersion = 10.0.40219.1
Project("{9A19103F-16F7-4668-BE54-9A1E7A4F7556}") = "api-geekstore.Shared", "api-geekstore.Shared\api-geekstore.Shared.csproj", "{2859E89C-596A-4A58-95AB-BC0A1F23204A}"
EndProject
Project("{FAE04EC0-301F-11D3-BF4B-00C04F79EFBC}") = "api-geekstore.Data", "api-geekstore.Data\api-geekstore.Data.csproj", "{C322A513-9E90-4931-A104-43C1FF1DAA47}"
EndProject
Project("{FAE04EC0-301F-11D3-BF4B-00C04F79EFBC}") = "api-geekstore.API", "api-geekstore.API\api-geekstore.API.csproj", "{901B2BAA-3C2B-48FF-A654-23E71474507B}"
EndProject
Global
	GlobalSection(SolutionConfigurationPlatforms) = preSolution
		Debug|Any CPU = Debug|Any CPU
		Release|Any CPU = Release|Any CPU
	EndGlobalSection
	GlobalSection(ProjectConfigurationPlatforms) = postSolution
		{2859E89C-596A-4A58-95AB-BC0A1F23204A}.Debug|Any CPU.ActiveCfg = Debug|Any CPU
		{2859E89C-596A-4A58-95AB-BC0A1F23204A}.Debug|Any CPU.Build.0 = Debug|Any CPU
		{2859E89C-596A-4A58-95AB-BC0A1F23204A}.Release|Any CPU.ActiveCfg = Release|Any CPU
		{2859E89C-596A-4A58-95AB-BC0A1F23204A}.Release|Any CPU.Build.0 = Release|Any CPU
		{C322A513-9E90-4931-A104-43C1FF1DAA47}.Debug|Any CPU.ActiveCfg = Debug|Any CPU
		{C322A513-9E90-4931-A104-43C1FF1DAA47}.Debug|Any CPU.Build.0 = Debug|Any CPU
		{C322A513-9E90-4931-A104-43C1FF1DAA47}.Release|Any CPU.ActiveCfg = Release|Any CPU
		{C322A513-9E90-4931-A104-43C1FF1DAA47}.Release|Any CPU.Build.0 = Release|Any CPU
		{901B2BAA-3C2B-48FF-A654-23E71474507B}.Debug|Any CPU.ActiveCfg = Debug|Any CPU
		{901B2BAA-3C2B-48FF-A654-23E71474507B}.Debug|Any CPU.Build.0 = Debug|Any CPU
		{901B2BAA-3C2B-48FF-A654-23E71474507B}.Release|Any CPU.ActiveCfg = Release|Any CPU
		{901B2BAA-3C2B-48FF-A654-23E71474507B}.Release|Any CPU.Build.0 = Release|Any CPU
	EndGlobalSection
	GlobalSection(SolutionProperties) = preSolution
		HideSolutionNode = FALSE
	EndGlobalSection
	GlobalSection(ExtensibilityGlobals) = postSolution
		SolutionGuid = {4B237EE5-17F3-4701-8E25-A93A5DDC7F81}
	EndGlobalSection
EndGlobal
